
Microsoft Visual Studio Solution File, Format Version 12.00
# Visual Studio 2013
VisualStudioVersion = 12.0.21005.1
MinimumVisualStudioVersion = 10.0.40219.1
Project("{FAE04EC0-301F-11D3-BF4B-00C04F79EFBC}") = "DmNet", "DmNet\DmNet.csproj", "{0E5AAEF0-CE73-490C-82C1-CA56ADECCEC7}"
EndProject
Project("{FAE04EC0-301F-11D3-BF4B-00C04F79EFBC}") = "UnitTest", "UnitTest\UnitTest.csproj", "{BFCB9F03-0F7A-4ED7-B0DA-8C62F7B8DA4F}"
EndProject
Project("{FAE04EC0-301F-11D3-BF4B-00C04F79EFBC}") = "TestApp", "TestApp\TestApp.csproj", "{901325E4-B252-491F-B614-60FA728B6C05}"
EndProject
Project("{FAE04EC0-301F-11D3-BF4B-00C04F79EFBC}") = "SugoiTestFramwork", "SugoiTestFramwork\SugoiTestFramwork.csproj", "{3BD6AFF4-75E4-4F8C-942C-9132C8F8DAAE}"
EndProject
Project("{888888A0-9F3D-457C-B088-3A5042F75D52}") = "IronPythonApplication1", "IronPythonApplication1\IronPythonApplication1.pyproj", "{01AD8052-6BF3-418E-B867-CA517132FC4B}"
EndProject
Project("{FAE04EC0-301F-11D3-BF4B-00C04F79EFBC}") = "SugoiTest", "SugoiTest\SugoiTest.csproj", "{C94AD1F4-6921-485B-B12E-BDA03A52C1DD}"
EndProject
Global
	GlobalSection(SolutionConfigurationPlatforms) = preSolution
		Debug|Any CPU = Debug|Any CPU
		Release|Any CPU = Release|Any CPU
	EndGlobalSection
	GlobalSection(ProjectConfigurationPlatforms) = postSolution
		{0E5AAEF0-CE73-490C-82C1-CA56ADECCEC7}.Debug|Any CPU.ActiveCfg = Debug|Any CPU
		{0E5AAEF0-CE73-490C-82C1-CA56ADECCEC7}.Debug|Any CPU.Build.0 = Debug|Any CPU
		{0E5AAEF0-CE73-490C-82C1-CA56ADECCEC7}.Release|Any CPU.ActiveCfg = Release|Any CPU
		{0E5AAEF0-CE73-490C-82C1-CA56ADECCEC7}.Release|Any CPU.Build.0 = Release|Any CPU
		{BFCB9F03-0F7A-4ED7-B0DA-8C62F7B8DA4F}.Debug|Any CPU.ActiveCfg = Debug|Any CPU
		{BFCB9F03-0F7A-4ED7-B0DA-8C62F7B8DA4F}.Debug|Any CPU.Build.0 = Debug|Any CPU
		{BFCB9F03-0F7A-4ED7-B0DA-8C62F7B8DA4F}.Release|Any CPU.ActiveCfg = Release|Any CPU
		{BFCB9F03-0F7A-4ED7-B0DA-8C62F7B8DA4F}.Release|Any CPU.Build.0 = Release|Any CPU
		{901325E4-B252-491F-B614-60FA728B6C05}.Debug|Any CPU.ActiveCfg = Debug|Any CPU
		{901325E4-B252-491F-B614-60FA728B6C05}.Debug|Any CPU.Build.0 = Debug|Any CPU
		{901325E4-B252-491F-B614-60FA728B6C05}.Release|Any CPU.ActiveCfg = Release|Any CPU
		{901325E4-B252-491F-B614-60FA728B6C05}.Release|Any CPU.Build.0 = Release|Any CPU
		{3BD6AFF4-75E4-4F8C-942C-9132C8F8DAAE}.Debug|Any CPU.ActiveCfg = Debug|Any CPU
		{3BD6AFF4-75E4-4F8C-942C-9132C8F8DAAE}.Debug|Any CPU.Build.0 = Debug|Any CPU
		{3BD6AFF4-75E4-4F8C-942C-9132C8F8DAAE}.Release|Any CPU.ActiveCfg = Release|Any CPU
		{3BD6AFF4-75E4-4F8C-942C-9132C8F8DAAE}.Release|Any CPU.Build.0 = Release|Any CPU
		{01AD8052-6BF3-418E-B867-CA517132FC4B}.Debug|Any CPU.ActiveCfg = Debug|Any CPU
		{01AD8052-6BF3-418E-B867-CA517132FC4B}.Release|Any CPU.ActiveCfg = Release|Any CPU
		{C94AD1F4-6921-485B-B12E-BDA03A52C1DD}.Debug|Any CPU.ActiveCfg = Debug|Any CPU
		{C94AD1F4-6921-485B-B12E-BDA03A52C1DD}.Debug|Any CPU.Build.0 = Debug|Any CPU
		{C94AD1F4-6921-485B-B12E-BDA03A52C1DD}.Release|Any CPU.ActiveCfg = Release|Any CPU
		{C94AD1F4-6921-485B-B12E-BDA03A52C1DD}.Release|Any CPU.Build.0 = Release|Any CPU
	EndGlobalSection
	GlobalSection(SolutionProperties) = preSolution
		HideSolutionNode = FALSE
	EndGlobalSection
EndGlobal
